<?xml version="1.0" encoding="utf-8"?>
<Project ToolsVersion="4.0" xmlns="http://schemas.microsoft.com/developer/msbuild/2003">
  <ItemGroup>
    <Filter Include="Source Files">
      <UniqueIdentifier>{6277f5c8-443a-4947-b550-5f7c6c614f3c}</UniqueIdentifier>
      <Extensions>cpp;c;cxx;def;odl;idl;hpj;bat;asm;asmx</Extensions>
    </Filter>
    <Filter Include="Header Files">
      <UniqueIdentifier>{c47c424c-db1b-46c5-af23-2e98ddb61c10}</UniqueIdentifier>
      <Extensions>h;hpp;hxx;hm;inl;inc;xsd</Extensions>
    </Filter>
    <Filter Include="Resource Files">
      <UniqueIdentifier>{28b6ca56-21df-41f2-a82b-34eacc058ef4}</UniqueIdentifier>
      <Extensions>rc;ico;cur;bmp;dlg;rc2;rct;bin;rgs;gif;jpg;jpeg;jpe;resx</Extensions>
    </Filter>
  </ItemGroup>
  <ItemGroup>
    <ClCompile Include="Elements\ODLEx_Element_Button.cpp">
      <Filter>Source Files</Filter>
    </ClCompile>
    <ClCompile Include="Elements\ODLEx_Element_CanvasTitle.cpp">
      <Filter>Source Files</Filter>
    </ClCompile>
    <ClCompile Include="Elements\ODLEx_Element_CheckBox.cpp">
      <Filter>Source Files</Filter>
    </ClCompile>
    <ClCompile Include="Elements\ODLEx_Element_CheckButton.cpp">
      <Filter>Source Files</Filter>
    </ClCompile>
    <ClCompile Include="Elements\ODLEx_Element_Coordinate.cpp">
      <Filter>Source Files</Filter>
    </ClCompile>
    <ClCompile Include="Elements\ODLEx_Element_CrossLine.cpp">
      <Filter>Source Files</Filter>
    </ClCompile>
    <ClCompile Include="Elements\ODLEx_Element_CurveBase.cpp">
      <Filter>Source Files</Filter>
    </ClCompile>
    <ClCompile Include="Elements\ODLEx_Element_CurveCase.cpp">
      <Filter>Source Files</Filter>
    </ClCompile>
    <ClCompile Include="Elements\ODLEx_Element_DefaultToolbar.cpp">
      <Filter>Source Files</Filter>
    </ClCompile>
    <ClCompile Include="Elements\ODLEx_Element_DiagramPreview.cpp">
      <Filter>Source Files</Filter>
    </ClCompile>
    <ClCompile Include="Elements\ODLEx_Element_Histogram.cpp">
      <Filter>Source Files</Filter>
    </ClCompile>
    <ClCompile Include="Elements\ODLEx_Element_Label.cpp">
      <Filter>Source Files</Filter>
    </ClCompile>
    <ClCompile Include="Elements\ODLEx_Element_Report.cpp">
      <Filter>Source Files</Filter>
    </ClCompile>
    <ClCompile Include="Elements\ODLEx_Element_SafeArea.cpp">
      <Filter>Source Files</Filter>
    </ClCompile>
    <ClCompile Include="Elements\ODLEx_Element_TextArea.cpp">
      <Filter>Source Files</Filter>
    </ClCompile>
    <ClCompile Include="Elements\ODLEx_Element_Tips.cpp">
      <Filter>Source Files</Filter>
    </ClCompile>
    <ClCompile Include="Elements\ODLEx_Element_Toolbar.cpp">
      <Filter>Source Files</Filter>
    </ClCompile>
    <ClCompile Include="Elements\ODLEx_Element_ZoomFrame.cpp">
      <Filter>Source Files</Filter>
    </ClCompile>
    <ClCompile Include="OpenDL_Ex.cpp">
      <Filter>Source Files</Filter>
    </ClCompile>
    <ClCompile Include="ResourceLoader.cpp">
      <Filter>Source Files</Filter>
    </ClCompile>
    <ClCompile Include="stdafx.cpp">
      <Filter>Source Files</Filter>
    </ClCompile>
    <ClCompile Include="Elements\ODLEx_Element_Compass.cpp">
      <Filter>Source Files</Filter>
    </ClCompile>
    <ClCompile Include="Elements\ODLEx_Element_DropPoint.cpp">
      <Filter>Source Files</Filter>
    </ClCompile>
    <ClCompile Include="Elements\ODLEx_Element_Ship.cpp">
      <Filter>Source Files</Filter>
    </ClCompile>
    <ClCompile Include="Elements\ODLEx_Element_AdjustLine.cpp">
      <Filter>Source Files</Filter>
    </ClCompile>
    <ClCompile Include="Elements\ODLEx_Element_AdjustLineContainer.cpp">
      <Filter>Source Files</Filter>
    </ClCompile>
    <ClCompile Include="Elements\ODLEx_ELement_Picture.cpp">
      <Filter>Source Files</Filter>
    </ClCompile>
    <ClCompile Include="Elements\ODLEx_Element_PictureButton.cpp">
      <Filter>Source Files</Filter>
    </ClCompile>
    <ClCompile Include="Elements\ODLEx_Element_ScrollBar.cpp">
      <Filter>Source Files</Filter>
    </ClCompile>
    <ClCompile Include="Elements\ODLEx_Element_ReportRow.cpp">
      <Filter>Source Files</Filter>
    </ClCompile>
    <ClCompile Include="Elements\ODLEx_Element_ReportItem.cpp">
      <Filter>Source Files</Filter>
    </ClCompile>
    <ClCompile Include="Elements\ODLEx_Element_ShapeEllipse.cpp">
      <Filter>Source Files</Filter>
    </ClCompile>
    <ClCompile Include="Elements\ODLEx_Element_ShapeLine.cpp">
      <Filter>Source Files</Filter>
    </ClCompile>
    <ClCompile Include="Elements\ODLEx_Element_ShapeRectangle.cpp">
      <Filter>Source Files</Filter>
    </ClCompile>
    <ClCompile Include="Elements\ODLEx_Element_ShapeRegion.cpp">
      <Filter>Source Files</Filter>
    </ClCompile>
    <ClCompile Include="Elements\ODLEx_Element_ShapeTriangle.cpp">
      <Filter>Source Files</Filter>
    </ClCompile>
    <ClCompile Include="Elements\ODLEx_Element_ShapeBase.cpp">
      <Filter>Source Files</Filter>
    </ClCompile>
    <ClCompile Include="Elements\ODLEx_Element_LedDigital.cpp">
      <Filter>Source Files</Filter>
    </ClCompile>
  </ItemGroup>
  <ItemGroup>
    <ClInclude Include="Elements\ODLEx_Element_Button.h">
      <Filter>Header Files</Filter>
    </ClInclude>
    <ClInclude Include="Elements\ODLEx_Element_CanvasTitle.h">
      <Filter>Header Files</Filter>
    </ClInclude>
    <ClInclude Include="Elements\ODLEx_Element_CheckBox.h">
      <Filter>Header Files</Filter>
    </ClInclude>
    <ClInclude Include="Elements\ODLEx_Element_CheckButton.h">
      <Filter>Header Files</Filter>
    </ClInclude>
    <ClInclude Include="Elements\ODLEx_Element_Coordinate.h">
      <Filter>Header Files</Filter>
    </ClInclude>
    <ClInclude Include="Elements\ODLEx_Element_CrossLine.h">
      <Filter>Header Files</Filter>
    </ClInclude>
    <ClInclude Include="Elements\ODLEx_Element_CurveBase.h">
      <Filter>Header Files</Filter>
    </ClInclude>
    <ClInclude Include="Elements\ODLEx_Element_CurveCase.h">
      <Filter>Header Files</Filter>
    </ClInclude>
    <ClInclude Include="Elements\ODLEx_Element_DefaultToolbar.h">
      <Filter>Header Files</Filter>
    </ClInclude>
    <ClInclude Include="Elements\ODLEx_Element_DiagramPreview.h">
      <Filter>Header Files</Filter>
    </ClInclude>
    <ClInclude Include="Elements\ODLEx_Element_Histogram.h">
      <Filter>Header Files</Filter>
    </ClInclude>
    <ClInclude Include="Elements\ODLEx_Element_Label.h">
      <Filter>Header Files</Filter>
    </ClInclude>
    <ClInclude Include="Elements\ODLEx_Element_Report.h">
      <Filter>Header Files</Filter>
    </ClInclude>
    <ClInclude Include="Elements\ODLEx_Element_SafeArea.h">
      <Filter>Header Files</Filter>
    </ClInclude>
    <ClInclude Include="Elements\ODLEx_Element_TextArea.h">
      <Filter>Header Files</Filter>
    </ClInclude>
    <ClInclude Include="Elements\ODLEx_Element_Tips.h">
      <Filter>Header Files</Filter>
    </ClInclude>
    <ClInclude Include="Elements\ODLEx_Element_Toolbar.h">
      <Filter>Header Files</Filter>
    </ClInclude>
    <ClInclude Include="Elements\ODLEx_Element_ZoomFrame.h">
      <Filter>Header Files</Filter>
    </ClInclude>
    <ClInclude Include="OpenDL.h">
      <Filter>Header Files</Filter>
    </ClInclude>
    <ClInclude Include="Resource.h">
      <Filter>Header Files</Filter>
    </ClInclude>
    <ClInclude Include="ResourceLoader.h">
      <Filter>Header Files</Filter>
    </ClInclude>
    <ClInclude Include="stdafx.h">
      <Filter>Header Files</Filter>
    </ClInclude>
    <ClInclude Include="Elements\ODLEx_Element_Compass.h">
      <Filter>Header Files</Filter>
    </ClInclude>
    <ClInclude Include="Elements\ODLEx_Element_DropPoint.h">
      <Filter>Header Files</Filter>
    </ClInclude>
    <ClInclude Include="Elements\ODLEx_Element_Ship.h">
      <Filter>Header Files</Filter>
    </ClInclude>
    <ClInclude Include="Elements\ODLEx_Element_AdjustLine.h">
      <Filter>Header Files</Filter>
    </ClInclude>
    <ClInclude Include="Elements\ODLEx_Element_AdjustLineContainer.h">
      <Filter>Header Files</Filter>
    </ClInclude>
    <ClInclude Include="Elements\ODLEx_ELement_Picture.h">
      <Filter>Header Files</Filter>
    </ClInclude>
    <ClInclude Include="Elements\ODLEx_Element_PictureButton.h">
      <Filter>Header Files</Filter>
    </ClInclude>
    <ClInclude Include="Elements\ODLEx_Element_ScrollBar.h">
      <Filter>Header Files</Filter>
    </ClInclude>
    <ClInclude Include="Elements\ODLEx_Element_ReportRow.h">
      <Filter>Header Files</Filter>
    </ClInclude>
    <ClInclude Include="Elements\ODLEx_Element_ReportItem.h">
      <Filter>Header Files</Filter>
    </ClInclude>
    <ClInclude Include="Elements\ODLEx_Element_ShapeEllipse.h">
      <Filter>Header Files</Filter>
    </ClInclude>
    <ClInclude Include="Elements\ODLEx_Element_ShapeLine.h">
      <Filter>Header Files</Filter>
    </ClInclude>
    <ClInclude Include="Elements\ODLEx_Element_ShapeRectangle.h">
      <Filter>Header Files</Filter>
    </ClInclude>
    <ClInclude Include="Elements\ODLEx_Element_ShapeRegion.h">
      <Filter>Header Files</Filter>
    </ClInclude>
    <ClInclude Include="Elements\ODLEx_Element_ShapeTriangle.h">
      <Filter>Header Files</Filter>
    </ClInclude>
    <ClInclude Include="Elements\ODLEx_Element_ShapeBase.h">
      <Filter>Header Files</Filter>
    </ClInclude>
    <ClInclude Include="Elements\ODLEx_Element_LedDigital.h">
      <Filter>Header Files</Filter>
    </ClInclude>
  </ItemGroup>
  <ItemGroup>
    <None Include="res\drag_axi.ico">
      <Filter>Resource Files</Filter>
    </None>
    <None Include="res\ico00001.ico">
      <Filter>Resource Files</Filter>
    </None>
    <None Include="res\ico00002.ico">
      <Filter>Resource Files</Filter>
    </None>
    <None Include="res\ico00003.ico">
      <Filter>Resource Files</Filter>
    </None>
    <None Include="res\ico00004.ico">
      <Filter>Resource Files</Filter>
    </None>
    <None Include="res\ico00005.ico">
      <Filter>Resource Files</Filter>
    </None>
    <None Include="res\ico00006.ico">
      <Filter>Resource Files</Filter>
    </None>
    <None Include="res\ico00007.ico">
      <Filter>Resource Files</Filter>
    </None>
    <None Include="res\ico00008.ico">
      <Filter>Resource Files</Filter>
    </None>
    <None Include="res\ico00009.ico">
      <Filter>Resource Files</Filter>
    </None>
    <None Include="res\ico00010.ico">
      <Filter>Resource Files</Filter>
    </None>
    <None Include="res\icon1.ico">
      <Filter>Resource Files</Filter>
    </None>
    <None Include="res\OpenDL_Ex.rc2">
      <Filter>Resource Files</Filter>
    </None>
    <None Include="ReadMe.txt" />
    <None Include="res\icon3.ico">
      <Filter>Resource Files</Filter>
    </None>
    <None Include="auto_copy.bat">
      <Filter>Source Files</Filter>
    </None>
  </ItemGroup>
  <ItemGroup>
    <ResourceCompile Include="OpenDL_Ex.rc">
      <Filter>Resource Files</Filter>
    </ResourceCompile>
  </ItemGroup>
</Project>