<?xml version="1.0" encoding="utf-8"?>
<Project ToolsVersion="4.0" xmlns="http://schemas.microsoft.com/developer/msbuild/2003">
  <ItemGroup>
    <Filter Include="Source Files">
      <UniqueIdentifier>{a972dfd4-8e0b-4014-a0be-7b579109b654}</UniqueIdentifier>
      <Extensions>cpp;c;cxx;def;odl;idl;hpj;bat;asm;asmx</Extensions>
    </Filter>
    <Filter Include="Header Files">
      <UniqueIdentifier>{f5a79c55-d856-4820-8871-5611b8f7953e}</UniqueIdentifier>
      <Extensions>h;hpp;hxx;hm;inl;inc;xsd</Extensions>
    </Filter>
    <Filter Include="Resource Files">
      <UniqueIdentifier>{e015aba8-3b40-49a0-ad72-036b1b451b25}</UniqueIdentifier>
      <Extensions>rc;ico;cur;bmp;dlg;rc2;rct;bin;rgs;gif;jpg;jpeg;jpe;resx</Extensions>
    </Filter>
  </ItemGroup>
  <ItemGroup>
    <ClCompile Include="Support\MemoryPool.cpp">
      <Filter>Source Files</Filter>
    </ClCompile>
    <ClCompile Include="Resource\ODL_Brush.cpp">
      <Filter>Source Files</Filter>
    </ClCompile>
    <ClCompile Include="Canvas\ODL_CanvasBase.cpp">
      <Filter>Source Files</Filter>
    </ClCompile>
    <ClCompile Include="Elements\ODL_ElementBase.cpp">
      <Filter>Source Files</Filter>
    </ClCompile>
    <ClCompile Include="Resource\ODL_Font.cpp">
      <Filter>Source Files</Filter>
    </ClCompile>
    <ClCompile Include="Canvas\ODL_GDICanvas.cpp">
      <Filter>Source Files</Filter>
    </ClCompile>
    <ClCompile Include="Painter\ODL_GDIPainter.cpp">
      <Filter>Source Files</Filter>
    </ClCompile>
    <ClCompile Include="Base\ODL_ObjBase.cpp">
      <Filter>Source Files</Filter>
    </ClCompile>
    <ClCompile Include="Base\ODL_ObjListBase.cpp">
      <Filter>Source Files</Filter>
    </ClCompile>
    <ClCompile Include="Elements\ODL_OverlayElementBase.cpp">
      <Filter>Source Files</Filter>
    </ClCompile>
    <ClCompile Include="Painter\ODL_Painter.cpp">
      <Filter>Source Files</Filter>
    </ClCompile>
    <ClCompile Include="Resource\ODL_Pen.cpp">
      <Filter>Source Files</Filter>
    </ClCompile>
    <ClCompile Include="Resource\ODL_ResourceManager.cpp">
      <Filter>Source Files</Filter>
    </ClCompile>
    <ClCompile Include="Tools\ODL_Tools.cpp">
      <Filter>Source Files</Filter>
    </ClCompile>
    <ClCompile Include="Base\ODL_Vector2f.cpp">
      <Filter>Source Files</Filter>
    </ClCompile>
    <ClCompile Include="View\ODL_View.cpp">
      <Filter>Source Files</Filter>
    </ClCompile>
    <ClCompile Include="View\ODL_ViewBase.cpp">
      <Filter>Source Files</Filter>
    </ClCompile>
    <ClCompile Include="OpenDL.cpp">
      <Filter>Source Files</Filter>
    </ClCompile>
    <ClCompile Include="stdafx.cpp">
      <Filter>Source Files</Filter>
    </ClCompile>
    <ClCompile Include="Elements\ODL_LayerElementBase.cpp">
      <Filter>Source Files</Filter>
    </ClCompile>
    <ClCompile Include="Base\ODL_Listener.cpp">
      <Filter>Source Files</Filter>
    </ClCompile>
    <ClCompile Include="Base\ODL_DirtyRect.cpp">
      <Filter>Source Files</Filter>
    </ClCompile>
    <ClCompile Include="Base\ODL_MemDC.cpp">
      <Filter>Source Files</Filter>
    </ClCompile>
    <ClCompile Include="Resource\ODL_ImageList.cpp">
      <Filter>Source Files</Filter>
    </ClCompile>
    <ClCompile Include="Base\ODL_Image.cpp">
      <Filter>Source Files</Filter>
    </ClCompile>
  </ItemGroup>
  <ItemGroup>
    <ClInclude Include="Base\GlobalDefine.h">
      <Filter>Header Files</Filter>
    </ClInclude>
    <ClInclude Include="Support\MemoryPool.h">
      <Filter>Header Files</Filter>
    </ClInclude>
    <ClInclude Include="Resource\ODL_Brush.h">
      <Filter>Header Files</Filter>
    </ClInclude>
    <ClInclude Include="Canvas\ODL_CanvasBase.h">
      <Filter>Header Files</Filter>
    </ClInclude>
    <ClInclude Include="Elements\ODL_ElementBase.h">
      <Filter>Header Files</Filter>
    </ClInclude>
    <ClInclude Include="Resource\ODL_Font.h">
      <Filter>Header Files</Filter>
    </ClInclude>
    <ClInclude Include="Canvas\ODL_GDICanvas.h">
      <Filter>Header Files</Filter>
    </ClInclude>
    <ClInclude Include="Painter\ODL_GDIPainter.h">
      <Filter>Header Files</Filter>
    </ClInclude>
    <ClInclude Include="ODL_Include.h">
      <Filter>Header Files</Filter>
    </ClInclude>
    <ClInclude Include="Base\ODL_ListT.h">
      <Filter>Header Files</Filter>
    </ClInclude>
    <ClInclude Include="Base\ODL_ObjBase.h">
      <Filter>Header Files</Filter>
    </ClInclude>
    <ClInclude Include="Base\ODL_ObjListBase.h">
      <Filter>Header Files</Filter>
    </ClInclude>
    <ClInclude Include="Elements\ODL_OverlayElementBase.h">
      <Filter>Header Files</Filter>
    </ClInclude>
    <ClInclude Include="Painter\ODL_Painter.h">
      <Filter>Header Files</Filter>
    </ClInclude>
    <ClInclude Include="Resource\ODL_Pen.h">
      <Filter>Header Files</Filter>
    </ClInclude>
    <ClInclude Include="Resource\ODL_ResourceManager.h">
      <Filter>Header Files</Filter>
    </ClInclude>
    <ClInclude Include="Tools\ODL_Tools.h">
      <Filter>Header Files</Filter>
    </ClInclude>
    <ClInclude Include="Base\ODL_Vector2f.h">
      <Filter>Header Files</Filter>
    </ClInclude>
    <ClInclude Include="View\ODL_View.h">
      <Filter>Header Files</Filter>
    </ClInclude>
    <ClInclude Include="View\ODL_ViewBase.h">
      <Filter>Header Files</Filter>
    </ClInclude>
    <ClInclude Include="Resource.h">
      <Filter>Header Files</Filter>
    </ClInclude>
    <ClInclude Include="stdafx.h">
      <Filter>Header Files</Filter>
    </ClInclude>
    <ClInclude Include="Elements\ODL_LayerElementBase.h">
      <Filter>Header Files</Filter>
    </ClInclude>
    <ClInclude Include="Base\ODL_Listener.h">
      <Filter>Header Files</Filter>
    </ClInclude>
    <ClInclude Include="Base\ODL_DirtyRect.h">
      <Filter>Header Files</Filter>
    </ClInclude>
    <ClInclude Include="Base\ODL_MemDC.h">
      <Filter>Header Files</Filter>
    </ClInclude>
    <ClInclude Include="Resource\ODL_ImageList.h">
      <Filter>Header Files</Filter>
    </ClInclude>
    <ClInclude Include="Base\ODL_Image.h">
      <Filter>Header Files</Filter>
    </ClInclude>
  </ItemGroup>
  <ItemGroup>
    <ResourceCompile Include="OpenDL.rc">
      <Filter>Resource Files</Filter>
    </ResourceCompile>
  </ItemGroup>
  <ItemGroup>
    <None Include="res\OpenDL.rc2">
      <Filter>Resource Files</Filter>
    </None>
    <None Include="ReadMe.txt" />
  </ItemGroup>
</Project>